{
  "originHash" : "c46ed76d009889a103359bb4e0eb389c4db137b39d66c394545b02e472132693",
  "pins" : [
    {
      "identity" : "iqkeyboardmanager",
      "kind" : "remoteSourceControl",
      "location" : "https://github.com/hackiftekhar/IQKeyboardManager.git",
      "state" : {
        "revision" : "19e111f9246b3407fe0c334dc78fa890c40d8c67",
        "version" : "7.0.3"
      }
    },
    {
      "identity" : "lottie-spm",
      "kind" : "remoteSourceControl",
      "location" : "https://github.com/airbnb/lottie-spm.git",
      "state" : {
        "revision" : "1d29eccc24cc8b75bff9f6804155112c0ffc9605",
        "version" : "4.4.3"
      }
    }
  ],
  "version" : 3
}
